
Microsoft Visual Studio Solution File, Format Version 12.00
# Visual Studio Version 17
VisualStudioVersion = 17.5.002.0
MinimumVisualStudioVersion = 10.0.40219.1
Project("{9A19103F-16F7-4668-BE54-9A1E7A4F7556}") = "mc", "mc\mc.csproj", "{09A5BCEE-A483-4646-B49D-AD63B23B184E}"
EndProject
Global
	GlobalSection(SolutionConfigurationPlatforms) = preSolution
		Debug|Any CPU = Debug|Any CPU
		Release|Any CPU = Release|Any CPU
	EndGlobalSection
	GlobalSection(ProjectConfigurationPlatforms) = postSolution
		{09A5BCEE-A483-4646-B49D-AD63B23B184E}.Debug|Any CPU.ActiveCfg = Debug|Any CPU
		{09A5BCEE-A483-4646-B49D-AD63B23B184E}.Debug|Any CPU.Build.0 = Debug|Any CPU
		{09A5BCEE-A483-4646-B49D-AD63B23B184E}.Release|Any CPU.ActiveCfg = Release|Any CPU
		{09A5BCEE-A483-4646-B49D-AD63B23B184E}.Release|Any CPU.Build.0 = Release|Any CPU
	EndGlobalSection
	GlobalSection(SolutionProperties) = preSolution
		HideSolutionNode = FALSE
	EndGlobalSection
	GlobalSection(ExtensibilityGlobals) = postSolution
		SolutionGuid = {25825022-C72C-4EAF-8EE8-789432111B61}
	EndGlobalSection
EndGlobal
